
Microsoft Visual Studio Solution File, Format Version 12.00
# Visual Studio 15
VisualStudioVersion = 15.0.26124.0
MinimumVisualStudioVersion = 15.0.26124.0
Project("{FAE04EC0-301F-11D3-BF4B-00C04F79EFBC}") = "Api", "Api\Api.csproj", "{C92A65BE-D333-4CA5-89D6-E08A4EF4C93D}"
EndProject
Project("{FAE04EC0-301F-11D3-BF4B-00C04F79EFBC}") = "Tests.Integration", "Tests.Integration\Tests.Integration.csproj", "{3DFBCD34-E878-455C-9135-AC00ACC74013}"
EndProject
Project("{FAE04EC0-301F-11D3-BF4B-00C04F79EFBC}") = "Tests.Unit", "Tests.Unit\Tests.Unit.csproj", "{926E146C-CF91-47CF-9513-B515ED080DBF}"
EndProject
Project("{2150E333-8FDC-42A3-9474-1A3956D46DE8}") = "Tests", "Tests", "{726E84CB-756C-4266-84CF-DD7EAC4BC3A3}"
EndProject
Project("{FAE04EC0-301F-11D3-BF4B-00C04F79EFBC}") = "TestHelpers", "TestHelpers\TestHelpers.csproj", "{81FFFE9D-12F3-447D-A675-02C079B56696}"
EndProject
Global
	GlobalSection(SolutionConfigurationPlatforms) = preSolution
		Debug|Any CPU = Debug|Any CPU
		Debug|x64 = Debug|x64
		Debug|x86 = Debug|x86
		Release|Any CPU = Release|Any CPU
		Release|x64 = Release|x64
		Release|x86 = Release|x86
	EndGlobalSection
	GlobalSection(SolutionProperties) = preSolution
		HideSolutionNode = FALSE
	EndGlobalSection
	GlobalSection(ProjectConfigurationPlatforms) = postSolution
		{C92A65BE-D333-4CA5-89D6-E08A4EF4C93D}.Debug|Any CPU.ActiveCfg = Debug|Any CPU
		{C92A65BE-D333-4CA5-89D6-E08A4EF4C93D}.Debug|Any CPU.Build.0 = Debug|Any CPU
		{C92A65BE-D333-4CA5-89D6-E08A4EF4C93D}.Debug|x64.ActiveCfg = Debug|Any CPU
		{C92A65BE-D333-4CA5-89D6-E08A4EF4C93D}.Debug|x64.Build.0 = Debug|Any CPU
		{C92A65BE-D333-4CA5-89D6-E08A4EF4C93D}.Debug|x86.ActiveCfg = Debug|Any CPU
		{C92A65BE-D333-4CA5-89D6-E08A4EF4C93D}.Debug|x86.Build.0 = Debug|Any CPU
		{C92A65BE-D333-4CA5-89D6-E08A4EF4C93D}.Release|Any CPU.ActiveCfg = Release|Any CPU
		{C92A65BE-D333-4CA5-89D6-E08A4EF4C93D}.Release|Any CPU.Build.0 = Release|Any CPU
		{C92A65BE-D333-4CA5-89D6-E08A4EF4C93D}.Release|x64.ActiveCfg = Release|Any CPU
		{C92A65BE-D333-4CA5-89D6-E08A4EF4C93D}.Release|x64.Build.0 = Release|Any CPU
		{C92A65BE-D333-4CA5-89D6-E08A4EF4C93D}.Release|x86.ActiveCfg = Release|Any CPU
		{C92A65BE-D333-4CA5-89D6-E08A4EF4C93D}.Release|x86.Build.0 = Release|Any CPU
		{3DFBCD34-E878-455C-9135-AC00ACC74013}.Debug|Any CPU.ActiveCfg = Debug|Any CPU
		{3DFBCD34-E878-455C-9135-AC00ACC74013}.Debug|Any CPU.Build.0 = Debug|Any CPU
		{3DFBCD34-E878-455C-9135-AC00ACC74013}.Debug|x64.ActiveCfg = Debug|Any CPU
		{3DFBCD34-E878-455C-9135-AC00ACC74013}.Debug|x64.Build.0 = Debug|Any CPU
		{3DFBCD34-E878-455C-9135-AC00ACC74013}.Debug|x86.ActiveCfg = Debug|Any CPU
		{3DFBCD34-E878-455C-9135-AC00ACC74013}.Debug|x86.Build.0 = Debug|Any CPU
		{3DFBCD34-E878-455C-9135-AC00ACC74013}.Release|Any CPU.ActiveCfg = Release|Any CPU
		{3DFBCD34-E878-455C-9135-AC00ACC74013}.Release|Any CPU.Build.0 = Release|Any CPU
		{3DFBCD34-E878-455C-9135-AC00ACC74013}.Release|x64.ActiveCfg = Release|Any CPU
		{3DFBCD34-E878-455C-9135-AC00ACC74013}.Release|x64.Build.0 = Release|Any CPU
		{3DFBCD34-E878-455C-9135-AC00ACC74013}.Release|x86.ActiveCfg = Release|Any CPU
		{3DFBCD34-E878-455C-9135-AC00ACC74013}.Release|x86.Build.0 = Release|Any CPU
		{926E146C-CF91-47CF-9513-B515ED080DBF}.Debug|Any CPU.ActiveCfg = Debug|Any CPU
		{926E146C-CF91-47CF-9513-B515ED080DBF}.Debug|Any CPU.Build.0 = Debug|Any CPU
		{926E146C-CF91-47CF-9513-B515ED080DBF}.Debug|x64.ActiveCfg = Debug|Any CPU
		{926E146C-CF91-47CF-9513-B515ED080DBF}.Debug|x64.Build.0 = Debug|Any CPU
		{926E146C-CF91-47CF-9513-B515ED080DBF}.Debug|x86.ActiveCfg = Debug|Any CPU
		{926E146C-CF91-47CF-9513-B515ED080DBF}.Debug|x86.Build.0 = Debug|Any CPU
		{926E146C-CF91-47CF-9513-B515ED080DBF}.Release|Any CPU.ActiveCfg = Release|Any CPU
		{926E146C-CF91-47CF-9513-B515ED080DBF}.Release|Any CPU.Build.0 = Release|Any CPU
		{926E146C-CF91-47CF-9513-B515ED080DBF}.Release|x64.ActiveCfg = Release|Any CPU
		{926E146C-CF91-47CF-9513-B515ED080DBF}.Release|x64.Build.0 = Release|Any CPU
		{926E146C-CF91-47CF-9513-B515ED080DBF}.Release|x86.ActiveCfg = Release|Any CPU
		{926E146C-CF91-47CF-9513-B515ED080DBF}.Release|x86.Build.0 = Release|Any CPU
		{81FFFE9D-12F3-447D-A675-02C079B56696}.Debug|Any CPU.ActiveCfg = Debug|Any CPU
		{81FFFE9D-12F3-447D-A675-02C079B56696}.Debug|Any CPU.Build.0 = Debug|Any CPU
		{81FFFE9D-12F3-447D-A675-02C079B56696}.Debug|x64.ActiveCfg = Debug|Any CPU
		{81FFFE9D-12F3-447D-A675-02C079B56696}.Debug|x64.Build.0 = Debug|Any CPU
		{81FFFE9D-12F3-447D-A675-02C079B56696}.Debug|x86.ActiveCfg = Debug|Any CPU
		{81FFFE9D-12F3-447D-A675-02C079B56696}.Debug|x86.Build.0 = Debug|Any CPU
		{81FFFE9D-12F3-447D-A675-02C079B56696}.Release|Any CPU.ActiveCfg = Release|Any CPU
		{81FFFE9D-12F3-447D-A675-02C079B56696}.Release|Any CPU.Build.0 = Release|Any CPU
		{81FFFE9D-12F3-447D-A675-02C079B56696}.Release|x64.ActiveCfg = Release|Any CPU
		{81FFFE9D-12F3-447D-A675-02C079B56696}.Release|x64.Build.0 = Release|Any CPU
		{81FFFE9D-12F3-447D-A675-02C079B56696}.Release|x86.ActiveCfg = Release|Any CPU
		{81FFFE9D-12F3-447D-A675-02C079B56696}.Release|x86.Build.0 = Release|Any CPU
	EndGlobalSection
	GlobalSection(NestedProjects) = preSolution
		{3DFBCD34-E878-455C-9135-AC00ACC74013} = {726E84CB-756C-4266-84CF-DD7EAC4BC3A3}
		{926E146C-CF91-47CF-9513-B515ED080DBF} = {726E84CB-756C-4266-84CF-DD7EAC4BC3A3}
		{81FFFE9D-12F3-447D-A675-02C079B56696} = {726E84CB-756C-4266-84CF-DD7EAC4BC3A3}
	EndGlobalSection
EndGlobal
